
Microsoft Visual Studio Solution File, Format Version 12.00
# Visual Studio Version 17
VisualStudioVersion = 17.4.33122.133
MinimumVisualStudioVersion = 10.0.40219.1
Project("{FAE04EC0-301F-11D3-BF4B-00C04F79EFBC}") = "29dechw", "29dechw\29dechw.csproj", "{37E5A1FA-AE7D-435F-995D-7EA5F4A30DAA}"
EndProject
Global
	GlobalSection(SolutionConfigurationPlatforms) = preSolution
		Debug|Any CPU = Debug|Any CPU
		Release|Any CPU = Release|Any CPU
	EndGlobalSection
	GlobalSection(ProjectConfigurationPlatforms) = postSolution
		{37E5A1FA-AE7D-435F-995D-7EA5F4A30DAA}.Debug|Any CPU.ActiveCfg = Debug|Any CPU
		{37E5A1FA-AE7D-435F-995D-7EA5F4A30DAA}.Debug|Any CPU.Build.0 = Debug|Any CPU
		{37E5A1FA-AE7D-435F-995D-7EA5F4A30DAA}.Release|Any CPU.ActiveCfg = Release|Any CPU
		{37E5A1FA-AE7D-435F-995D-7EA5F4A30DAA}.Release|Any CPU.Build.0 = Release|Any CPU
	EndGlobalSection
	GlobalSection(SolutionProperties) = preSolution
		HideSolutionNode = FALSE
	EndGlobalSection
	GlobalSection(ExtensibilityGlobals) = postSolution
		SolutionGuid = {0F266239-4FD8-455D-AEF0-F7844CCEC3E9}
	EndGlobalSection
EndGlobal
